
Microsoft Visual Studio Solution File, Format Version 12.00
# Visual Studio Version 17
VisualStudioVersion = 17.0.31903.59
MinimumVisualStudioVersion = 10.0.40219.1
Project("{FAE04EC0-301F-11D3-BF4B-00C04F79EFBC}") = "FreightCMS.Locations.EntityFramework", "FreightCMS.Locations.EntityFramework\FreightCMS.Locations.EntityFramework.csproj", "{8F10DF6C-3115-4B65-9438-B162C79D4038}"
EndProject
Project("{FAE04EC0-301F-11D3-BF4B-00C04F79EFBC}") = "FreightCMS.Locations.Models", "FreightCMS.Locations.Models\FreightCMS.Locations.Models.csproj", "{A9DE3370-6EA4-42E4-BE45-4AEDE6EEF729}"
EndProject
Global
	GlobalSection(SolutionConfigurationPlatforms) = preSolution
		Debug|Any CPU = Debug|Any CPU
		Release|Any CPU = Release|Any CPU
	EndGlobalSection
	GlobalSection(SolutionProperties) = preSolution
		HideSolutionNode = FALSE
	EndGlobalSection
	GlobalSection(ProjectConfigurationPlatforms) = postSolution
		{8F10DF6C-3115-4B65-9438-B162C79D4038}.Debug|Any CPU.ActiveCfg = Debug|Any CPU
		{8F10DF6C-3115-4B65-9438-B162C79D4038}.Debug|Any CPU.Build.0 = Debug|Any CPU
		{8F10DF6C-3115-4B65-9438-B162C79D4038}.Release|Any CPU.ActiveCfg = Release|Any CPU
		{8F10DF6C-3115-4B65-9438-B162C79D4038}.Release|Any CPU.Build.0 = Release|Any CPU
		{A9DE3370-6EA4-42E4-BE45-4AEDE6EEF729}.Debug|Any CPU.ActiveCfg = Debug|Any CPU
		{A9DE3370-6EA4-42E4-BE45-4AEDE6EEF729}.Debug|Any CPU.Build.0 = Debug|Any CPU
		{A9DE3370-6EA4-42E4-BE45-4AEDE6EEF729}.Release|Any CPU.ActiveCfg = Release|Any CPU
		{A9DE3370-6EA4-42E4-BE45-4AEDE6EEF729}.Release|Any CPU.Build.0 = Release|Any CPU
		{C809F836-C178-41CD-8318-790BA83D9CA3}.Debug|Any CPU.ActiveCfg = Debug|Any CPU
		{C809F836-C178-41CD-8318-790BA83D9CA3}.Debug|Any CPU.Build.0 = Debug|Any CPU
		{C809F836-C178-41CD-8318-790BA83D9CA3}.Release|Any CPU.ActiveCfg = Release|Any CPU
		{C809F836-C178-41CD-8318-790BA83D9CA3}.Release|Any CPU.Build.0 = Release|Any CPU
	EndGlobalSection
EndGlobal
